{
  "name": "test-python",
  "version": "1.0.0",
  "lockfileVersion": 1,
  "requires": true,
  "dependencies": {
    "@types/lodash": {
      "version": "4.14.108",
      "resolved": "https://repox.jfrog.io/repox/api/npm/npm/@types/lodash/-/lodash-4.14.108.tgz",
      "integrity": "sha1-AmVq863S5bMXT4MIYsR0IcAO+Bc="
    },
    "lodash": {
      "version": "4.17.21",
      "resolved": "https://registry.npmjs.org/lodash/-/lodash-4.17.21.tgz",
      "integrity": "sha512-v2kDEe57lecTulaDIuNTPy3Ry4gLGJ6Z1O3vE1krgXZNrsQ+LFTGHVxVjcXPs17LhbZVGedAJv8XZ1tvj5FvSg=="
    },
    "typescript": {
      "version": "3.6.3",
      "resolved": "https://repox.jfrog.io/repox/api/npm/npm/typescript/-/typescript-3.6.3.tgz",
      "integrity": "sha1-/qlC+rsg9+HKcWT/Ym8anz9wtNo=",
      "dev": true
    },
    "vue": {
      "version": "2.6.10",
      "resolved": "https://repox.jfrog.io/repox/api/npm/npm/vue/-/vue-2.6.10.tgz",
      "integrity": "sha1-pysaQqTYKnIepDjRtr9V5mGVxjc="
    }
  }
}
